
Microsoft Visual Studio Solution File, Format Version 12.00
# Visual Studio Version 17
VisualStudioVersion = 17.10.35013.160
MinimumVisualStudioVersion = 10.0.40219.1
Project("{8BC9CEB8-8B4A-11D0-8D11-00A0C91BC942}") = "20240723_AEX_ENGINE", "20240723_AEX_ENGINE\20240723_AEX_ENGINE.vcxproj", "{2FDCEDAC-91D1-4B56-A5C6-387FBCD5F649}"
EndProject
Global
	GlobalSection(SolutionConfigurationPlatforms) = preSolution
		Debug|x64 = Debug|x64
		Release|x64 = Release|x64
	EndGlobalSection
	GlobalSection(ProjectConfigurationPlatforms) = postSolution
		{2FDCEDAC-91D1-4B56-A5C6-387FBCD5F649}.Debug|x64.ActiveCfg = Debug|x64
		{2FDCEDAC-91D1-4B56-A5C6-387FBCD5F649}.Debug|x64.Build.0 = Debug|x64
		{2FDCEDAC-91D1-4B56-A5C6-387FBCD5F649}.Release|x64.ActiveCfg = Release|x64
		{2FDCEDAC-91D1-4B56-A5C6-387FBCD5F649}.Release|x64.Build.0 = Release|x64
	EndGlobalSection
	GlobalSection(SolutionProperties) = preSolution
		HideSolutionNode = FALSE
	EndGlobalSection
	GlobalSection(ExtensibilityGlobals) = postSolution
		SolutionGuid = {2A365E6A-A8C6-4897-9C85-1DC95BD9612E}
	EndGlobalSection
EndGlobal
